
Microsoft Visual Studio Solution File, Format Version 12.00
# Visual Studio Version 17
VisualStudioVersion = 17.12.35323.107
MinimumVisualStudioVersion = 10.0.40219.1
Project("{FAE04EC0-301F-11D3-BF4B-00C04F79EFBC}") = "Categorie", "Categorie\Categorie.csproj", "{FEDA63BD-C7B8-48B0-9661-A5F2DF682A4B}"
EndProject
Global
	GlobalSection(SolutionConfigurationPlatforms) = preSolution
		Debug|Any CPU = Debug|Any CPU
		Release|Any CPU = Release|Any CPU
	EndGlobalSection
	GlobalSection(ProjectConfigurationPlatforms) = postSolution
		{FEDA63BD-C7B8-48B0-9661-A5F2DF682A4B}.Debug|Any CPU.ActiveCfg = Debug|Any CPU
		{FEDA63BD-C7B8-48B0-9661-A5F2DF682A4B}.Debug|Any CPU.Build.0 = Debug|Any CPU
		{FEDA63BD-C7B8-48B0-9661-A5F2DF682A4B}.Release|Any CPU.ActiveCfg = Release|Any CPU
		{FEDA63BD-C7B8-48B0-9661-A5F2DF682A4B}.Release|Any CPU.Build.0 = Release|Any CPU
	EndGlobalSection
	GlobalSection(SolutionProperties) = preSolution
		HideSolutionNode = FALSE
	EndGlobalSection
	GlobalSection(ExtensibilityGlobals) = postSolution
		SolutionGuid = {95A35D46-4039-47BE-9F84-3EB3D77C2D73}
	EndGlobalSection
EndGlobal
